github.com/hyperledger/fabric-protos-go-apiv2 v0.3.7 h1:sQ5qv8vQQfwewa1JlCiSCC8dLElmaU2/frLolpgibEY=
github.com/hyperledger/fabric-protos-go-apiv2 v0.3.7/go.mod h1:bJnwzfv03oZQeCc863pdGTDgf5nmCy6Za3RAE7d2XsQ=
google.golang.org/protobuf v1.36.12 h1:pJOKDDOyeXErUroCihFAd5LQuwXBSpVnKGrj5o/fwxc=
google.golang.org/protobuf v1.36.12/go.mod h1:HTf+CrKn2C3g5S8VImy6tdcUvCska2kB7j23XfzDpco=
